<?xml version="1.0" encoding="utf-8"?>
<Project ToolsVersion="4.0" xmlns="http://schemas.microsoft.com/developer/msbuild/2003">
  <ItemGroup>
    <Filter Include="Source Files">
      <UniqueIdentifier>{4FC737F1-C7A5-4376-A066-2A32D752A2FF}</UniqueIdentifier>
      <Extensions>cpp;c;cc;cxx;def;odl;idl;hpj;bat;asm;asmx</Extensions>
    </Filter>
    <Filter Include="Header Files">
      <UniqueIdentifier>{93995380-89BD-4b04-88EB-625FBE52EBFB}</UniqueIdentifier>
      <Extensions>h;hh;hpp;hxx;hm;inl;inc;ipp;xsd</Extensions>
    </Filter>
    <Filter Include="Resource Files">
      <UniqueIdentifier>{67DA6AB6-F800-4c08-8B7A-83BB121AAD01}</UniqueIdentifier>
      <Extensions>rc;ico;cur;bmp;dlg;rc2;rct;bin;rgs;gif;jpg;jpeg;jpe;resx;tiff;tif;png;wav;mfcribbon-ms</Extensions>
    </Filter>
    <Filter Include="FileSystemProtection">
      <UniqueIdentifier>{e29fa2cd-5951-4701-859f-ce4fe17d128c}</UniqueIdentifier>
    </Filter>
  </ItemGroup>
  <ItemGroup>
    <ClCompile Include="FileSharingHost.cpp">
      <Filter>Source Files</Filter>
    </ClCompile>
    <ClCompile Include="Connection.cpp">
      <Filter>Source Files</Filter>
    </ClCompile>
    <ClCompile Include="Server.cpp">
      <Filter>Source Files</Filter>
    </ClCompile>
    <ClCompile Include="UDPConnection.cpp">
      <Filter>Source Files</Filter>
    </ClCompile>
    <ClCompile Include="FileSharingServer.cpp">
      <Filter>Source Files</Filter>
    </ClCompile>
    <ClCompile Include="..\FileSystemProtection\FileSystemProtectionAPI.cpp">
      <Filter>FileSystemProtection</Filter>
    </ClCompile>
    <ClCompile Include="..\FileSystemProtection\FolderToSingleFileEncryption.cpp">
      <Filter>FileSystemProtection</Filter>
    </ClCompile>
    <ClCompile Include="Console.cpp">
      <Filter>Source Files</Filter>
    </ClCompile>
    <ClCompile Include="FileSharingHostTask.cpp">
      <Filter>Source Files</Filter>
    </ClCompile>
    <ClCompile Include="FileSharingServerTask.cpp">
      <Filter>Source Files</Filter>
    </ClCompile>
  </ItemGroup>
  <ItemGroup>
    <ClInclude Include="Connection.h">
      <Filter>Header Files</Filter>
    </ClInclude>
    <ClInclude Include="Server.h">
      <Filter>Header Files</Filter>
    </ClInclude>
    <ClInclude Include="CommonSSL.h">
      <Filter>Header Files</Filter>
    </ClInclude>
    <ClInclude Include="UDPConnection.h">
      <Filter>Header Files</Filter>
    </ClInclude>
    <ClInclude Include="FileSharingServer.h">
      <Filter>Header Files</Filter>
    </ClInclude>
    <ClInclude Include="..\FileSystemProtection\FileFolder.h">
      <Filter>FileSystemProtection</Filter>
    </ClInclude>
    <ClInclude Include="..\FileSystemProtection\FileSystemProtectionAPI.h">
      <Filter>FileSystemProtection</Filter>
    </ClInclude>
    <ClInclude Include="..\FileSystemProtection\FolderToSingleFileEncryption.h">
      <Filter>FileSystemProtection</Filter>
    </ClInclude>
    <ClInclude Include="..\FileSystemProtection\FolderToSingleFileEncryptionTask.h">
      <Filter>FileSystemProtection</Filter>
    </ClInclude>
    <ClInclude Include="FileSharingHost.h">
      <Filter>Header Files</Filter>
    </ClInclude>
    <ClInclude Include="ConsoleIO.h">
      <Filter>Header Files</Filter>
    </ClInclude>
    <ClInclude Include="FileEncryption.h">
      <Filter>Header Files</Filter>
    </ClInclude>
    <ClInclude Include="AdapterInfo.h">
      <Filter>Header Files</Filter>
    </ClInclude>
  </ItemGroup>
</Project>